
Microsoft Visual Studio Solution File, Format Version 12.00
# Visual Studio Version 17
VisualStudioVersion = 17.7.34031.279
MinimumVisualStudioVersion = 10.0.40219.1
Project("{FAE04EC0-301F-11D3-BF4B-00C04F79EFBC}") = "ZeroHunger", "ZeroHunger\ZeroHunger.csproj", "{537D1EAB-A0A0-4389-86CB-6862D63F4335}"
EndProject
Global
	GlobalSection(SolutionConfigurationPlatforms) = preSolution
		Debug|Any CPU = Debug|Any CPU
		Release|Any CPU = Release|Any CPU
	EndGlobalSection
	GlobalSection(ProjectConfigurationPlatforms) = postSolution
		{537D1EAB-A0A0-4389-86CB-6862D63F4335}.Debug|Any CPU.ActiveCfg = Debug|Any CPU
		{537D1EAB-A0A0-4389-86CB-6862D63F4335}.Debug|Any CPU.Build.0 = Debug|Any CPU
		{537D1EAB-A0A0-4389-86CB-6862D63F4335}.Release|Any CPU.ActiveCfg = Release|Any CPU
		{537D1EAB-A0A0-4389-86CB-6862D63F4335}.Release|Any CPU.Build.0 = Release|Any CPU
	EndGlobalSection
	GlobalSection(SolutionProperties) = preSolution
		HideSolutionNode = FALSE
	EndGlobalSection
	GlobalSection(ExtensibilityGlobals) = postSolution
		SolutionGuid = {AAC70E40-3EC0-43D2-BFB7-3F6B2E7FEA14}
	EndGlobalSection
EndGlobal
